
Microsoft Visual Studio Solution File, Format Version 12.00
# Visual Studio Version 16
VisualStudioVersion = 16.0.29006.145
MinimumVisualStudioVersion = 10.0.40219.1
Project("{2150E333-8FDC-42A3-9474-1A3956D46DE8}") = "CSharp7", "CSharp7", "{8A966831-FE13-4C77-9032-98F92E9270CF}"
EndProject
Project("{2150E333-8FDC-42A3-9474-1A3956D46DE8}") = "CSharp8", "CSharp8", "{2A151E54-46DD-46B8-9CA2-895CFFDB2970}"
EndProject
Project("{9A19103F-16F7-4668-BE54-9A1E7A4F7556}") = "1. Tuples", "CSharp7\Tuples\1. Tuples.csproj", "{D2F854DE-9F4D-4F71-83F8-B53B9FAD9852}"
EndProject
Project("{9A19103F-16F7-4668-BE54-9A1E7A4F7556}") = "2. Pattern Matching", "CSharp7\PatternMatching\2. Pattern Matching.csproj", "{296BD126-25DF-40AA-A887-241DA9A961E9}"
EndProject
Project("{9A19103F-16F7-4668-BE54-9A1E7A4F7556}") = "1. Switch Statements", "CSharp8\SwitchStatements\1. Switch Statements.csproj", "{A2BF5FBB-B73D-48E7-9416-9D7F4BD2ED0D}"
EndProject
Project("{9A19103F-16F7-4668-BE54-9A1E7A4F7556}") = "7. Ranges", "CSharp8\Ranges\7. Ranges.csproj", "{43C967A1-901D-41AB-B559-E5259EC99F3E}"
EndProject
Project("{9A19103F-16F7-4668-BE54-9A1E7A4F7556}") = "2. Nullable References", "CSharp8\NullableReferences\2. Nullable References.csproj", "{82B3AB48-34BB-4F69-8EB4-39210690935D}"
EndProject
Project("{9A19103F-16F7-4668-BE54-9A1E7A4F7556}") = "5. Async Enumerable", "CSharp8\AsyncEnumerable\5. Async Enumerable.csproj", "{73A0659E-904A-4B9E-A38A-E1681507362D}"
EndProject
Project("{9A19103F-16F7-4668-BE54-9A1E7A4F7556}") = "4.AsyncDisposable", "CSharp8\AsyncDisposable\4.AsyncDisposable.csproj", "{8C680F3C-09AE-48C9-8F8B-582171B2C54E}"
EndProject
Project("{9A19103F-16F7-4668-BE54-9A1E7A4F7556}") = "3. Using Declarations", "CSharp8\UsingDeclarations\3. Using Declarations.csproj", "{F5963206-C699-41F6-80B5-84AECB2362B7}"
EndProject
Project("{9A19103F-16F7-4668-BE54-9A1E7A4F7556}") = "6. DefaultInterfaceImplementations", "CSharp8\DefaultInterfaceImplementations\6. DefaultInterfaceImplementations.csproj", "{79298C35-C9DB-400C-A397-906BDC96C687}"
EndProject
Project("{9A19103F-16F7-4668-BE54-9A1E7A4F7556}") = "8. Span", "CSharp8\Span\8. Span.csproj", "{7396B9E6-1F2C-4B3E-9EBE-506269DED0D7}"
EndProject
Global
	GlobalSection(SolutionConfigurationPlatforms) = preSolution
		Debug|Any CPU = Debug|Any CPU
		Release|Any CPU = Release|Any CPU
	EndGlobalSection
	GlobalSection(ProjectConfigurationPlatforms) = postSolution
		{D2F854DE-9F4D-4F71-83F8-B53B9FAD9852}.Debug|Any CPU.ActiveCfg = Debug|Any CPU
		{D2F854DE-9F4D-4F71-83F8-B53B9FAD9852}.Debug|Any CPU.Build.0 = Debug|Any CPU
		{D2F854DE-9F4D-4F71-83F8-B53B9FAD9852}.Release|Any CPU.ActiveCfg = Release|Any CPU
		{D2F854DE-9F4D-4F71-83F8-B53B9FAD9852}.Release|Any CPU.Build.0 = Release|Any CPU
		{296BD126-25DF-40AA-A887-241DA9A961E9}.Debug|Any CPU.ActiveCfg = Debug|Any CPU
		{296BD126-25DF-40AA-A887-241DA9A961E9}.Debug|Any CPU.Build.0 = Debug|Any CPU
		{296BD126-25DF-40AA-A887-241DA9A961E9}.Release|Any CPU.ActiveCfg = Release|Any CPU
		{296BD126-25DF-40AA-A887-241DA9A961E9}.Release|Any CPU.Build.0 = Release|Any CPU
		{A2BF5FBB-B73D-48E7-9416-9D7F4BD2ED0D}.Debug|Any CPU.ActiveCfg = Debug|Any CPU
		{A2BF5FBB-B73D-48E7-9416-9D7F4BD2ED0D}.Debug|Any CPU.Build.0 = Debug|Any CPU
		{A2BF5FBB-B73D-48E7-9416-9D7F4BD2ED0D}.Release|Any CPU.ActiveCfg = Release|Any CPU
		{A2BF5FBB-B73D-48E7-9416-9D7F4BD2ED0D}.Release|Any CPU.Build.0 = Release|Any CPU
		{43C967A1-901D-41AB-B559-E5259EC99F3E}.Debug|Any CPU.ActiveCfg = Debug|Any CPU
		{43C967A1-901D-41AB-B559-E5259EC99F3E}.Debug|Any CPU.Build.0 = Debug|Any CPU
		{43C967A1-901D-41AB-B559-E5259EC99F3E}.Release|Any CPU.ActiveCfg = Release|Any CPU
		{43C967A1-901D-41AB-B559-E5259EC99F3E}.Release|Any CPU.Build.0 = Release|Any CPU
		{82B3AB48-34BB-4F69-8EB4-39210690935D}.Debug|Any CPU.ActiveCfg = Debug|Any CPU
		{82B3AB48-34BB-4F69-8EB4-39210690935D}.Debug|Any CPU.Build.0 = Debug|Any CPU
		{82B3AB48-34BB-4F69-8EB4-39210690935D}.Release|Any CPU.ActiveCfg = Release|Any CPU
		{82B3AB48-34BB-4F69-8EB4-39210690935D}.Release|Any CPU.Build.0 = Release|Any CPU
		{73A0659E-904A-4B9E-A38A-E1681507362D}.Debug|Any CPU.ActiveCfg = Debug|Any CPU
		{73A0659E-904A-4B9E-A38A-E1681507362D}.Debug|Any CPU.Build.0 = Debug|Any CPU
		{73A0659E-904A-4B9E-A38A-E1681507362D}.Release|Any CPU.ActiveCfg = Release|Any CPU
		{73A0659E-904A-4B9E-A38A-E1681507362D}.Release|Any CPU.Build.0 = Release|Any CPU
		{8C680F3C-09AE-48C9-8F8B-582171B2C54E}.Debug|Any CPU.ActiveCfg = Debug|Any CPU
		{8C680F3C-09AE-48C9-8F8B-582171B2C54E}.Debug|Any CPU.Build.0 = Debug|Any CPU
		{8C680F3C-09AE-48C9-8F8B-582171B2C54E}.Release|Any CPU.ActiveCfg = Release|Any CPU
		{8C680F3C-09AE-48C9-8F8B-582171B2C54E}.Release|Any CPU.Build.0 = Release|Any CPU
		{F5963206-C699-41F6-80B5-84AECB2362B7}.Debug|Any CPU.ActiveCfg = Debug|Any CPU
		{F5963206-C699-41F6-80B5-84AECB2362B7}.Debug|Any CPU.Build.0 = Debug|Any CPU
		{F5963206-C699-41F6-80B5-84AECB2362B7}.Release|Any CPU.ActiveCfg = Release|Any CPU
		{F5963206-C699-41F6-80B5-84AECB2362B7}.Release|Any CPU.Build.0 = Release|Any CPU
		{79298C35-C9DB-400C-A397-906BDC96C687}.Debug|Any CPU.ActiveCfg = Debug|Any CPU
		{79298C35-C9DB-400C-A397-906BDC96C687}.Debug|Any CPU.Build.0 = Debug|Any CPU
		{79298C35-C9DB-400C-A397-906BDC96C687}.Release|Any CPU.ActiveCfg = Release|Any CPU
		{79298C35-C9DB-400C-A397-906BDC96C687}.Release|Any CPU.Build.0 = Release|Any CPU
		{7396B9E6-1F2C-4B3E-9EBE-506269DED0D7}.Debug|Any CPU.ActiveCfg = Debug|Any CPU
		{7396B9E6-1F2C-4B3E-9EBE-506269DED0D7}.Debug|Any CPU.Build.0 = Debug|Any CPU
		{7396B9E6-1F2C-4B3E-9EBE-506269DED0D7}.Release|Any CPU.ActiveCfg = Release|Any CPU
		{7396B9E6-1F2C-4B3E-9EBE-506269DED0D7}.Release|Any CPU.Build.0 = Release|Any CPU
	EndGlobalSection
	GlobalSection(SolutionProperties) = preSolution
		HideSolutionNode = FALSE
	EndGlobalSection
	GlobalSection(NestedProjects) = preSolution
		{D2F854DE-9F4D-4F71-83F8-B53B9FAD9852} = {8A966831-FE13-4C77-9032-98F92E9270CF}
		{296BD126-25DF-40AA-A887-241DA9A961E9} = {8A966831-FE13-4C77-9032-98F92E9270CF}
		{A2BF5FBB-B73D-48E7-9416-9D7F4BD2ED0D} = {2A151E54-46DD-46B8-9CA2-895CFFDB2970}
		{43C967A1-901D-41AB-B559-E5259EC99F3E} = {2A151E54-46DD-46B8-9CA2-895CFFDB2970}
		{82B3AB48-34BB-4F69-8EB4-39210690935D} = {2A151E54-46DD-46B8-9CA2-895CFFDB2970}
		{73A0659E-904A-4B9E-A38A-E1681507362D} = {2A151E54-46DD-46B8-9CA2-895CFFDB2970}
		{8C680F3C-09AE-48C9-8F8B-582171B2C54E} = {2A151E54-46DD-46B8-9CA2-895CFFDB2970}
		{F5963206-C699-41F6-80B5-84AECB2362B7} = {2A151E54-46DD-46B8-9CA2-895CFFDB2970}
		{79298C35-C9DB-400C-A397-906BDC96C687} = {2A151E54-46DD-46B8-9CA2-895CFFDB2970}
		{7396B9E6-1F2C-4B3E-9EBE-506269DED0D7} = {2A151E54-46DD-46B8-9CA2-895CFFDB2970}
	EndGlobalSection
	GlobalSection(ExtensibilityGlobals) = postSolution
		SolutionGuid = {25751034-9035-4489-B081-6D01D3D5B941}
	EndGlobalSection
EndGlobal
